
Microsoft Visual Studio Solution File, Format Version 12.00
# Visual Studio Version 17
VisualStudioVersion = 17.4.33213.308
MinimumVisualStudioVersion = 10.0.40219.1
Project("{9A19103F-16F7-4668-BE54-9A1E7A4F7556}") = "TestsForEngine", "TestsForEngine\TestsForEngine.csproj", "{817FF6A5-9A62-457C-A21E-D1D43272143B}"
EndProject
Project("{FAE04EC0-301F-11D3-BF4B-00C04F79EFBC}") = "TestService", "TestService\TestService.csproj", "{D122D201-C2E3-4209-BF0A-3897A4111B34}"
EndProject
Global
	GlobalSection(SolutionConfigurationPlatforms) = preSolution
		Debug|Any CPU = Debug|Any CPU
		Release|Any CPU = Release|Any CPU
	EndGlobalSection
	GlobalSection(ProjectConfigurationPlatforms) = postSolution
		{817FF6A5-9A62-457C-A21E-D1D43272143B}.Debug|Any CPU.ActiveCfg = Debug|Any CPU
		{817FF6A5-9A62-457C-A21E-D1D43272143B}.Debug|Any CPU.Build.0 = Debug|Any CPU
		{817FF6A5-9A62-457C-A21E-D1D43272143B}.Release|Any CPU.ActiveCfg = Release|Any CPU
		{817FF6A5-9A62-457C-A21E-D1D43272143B}.Release|Any CPU.Build.0 = Release|Any CPU
		{D122D201-C2E3-4209-BF0A-3897A4111B34}.Debug|Any CPU.ActiveCfg = Debug|Any CPU
		{D122D201-C2E3-4209-BF0A-3897A4111B34}.Debug|Any CPU.Build.0 = Debug|Any CPU
		{D122D201-C2E3-4209-BF0A-3897A4111B34}.Release|Any CPU.ActiveCfg = Release|Any CPU
		{D122D201-C2E3-4209-BF0A-3897A4111B34}.Release|Any CPU.Build.0 = Release|Any CPU
	EndGlobalSection
	GlobalSection(SolutionProperties) = preSolution
		HideSolutionNode = FALSE
	EndGlobalSection
	GlobalSection(ExtensibilityGlobals) = postSolution
		SolutionGuid = {90431670-5970-490C-9B29-8E4D0B46FB20}
	EndGlobalSection
EndGlobal
